2
git https://github.com/nektro/zig-extras commit-4b372230234b6ed12e62778972a1bf869e331743
git https://github.com/nektro/zig-tracer commit-406a484b904ba2e77e995544a2aa891c7aeae4a7
git https://github.com/nektro/zig-unicode-ucd commit-1769541aed9c8590ae7d13d70038be0f7333529f
git https://github.com/tc39/test262-parser-tests commit-0e808c74fbec780646434cad17bb22dc52461003
